
Microsoft Visual Studio Solution File, Format Version 12.00
# Visual Studio 15
VisualStudioVersion = 15.0.28010.2046
MinimumVisualStudioVersion = 10.0.40219.1
Project("{FAE04EC0-301F-11D3-BF4B-00C04F79EFBC}") = "Fincas.Android", "Fincas\Fincas.Android\Fincas.Android.csproj", "{8975B53A-4CDF-46CD-B9F2-642C61861FA7}"
EndProject
Project("{FAE04EC0-301F-11D3-BF4B-00C04F79EFBC}") = "Fincas.iOS", "Fincas\Fincas.iOS\Fincas.iOS.csproj", "{19988665-2F7D-432B-AA20-10B8CF7DC081}"
EndProject
Project("{FAE04EC0-301F-11D3-BF4B-00C04F79EFBC}") = "Fincas.UWP", "Fincas\Fincas.UWP\Fincas.UWP.csproj", "{8AC0F6EF-1C0F-4C82-AA23-ED0B150FC0E8}"
EndProject
Project("{9A19103F-16F7-4668-BE54-9A1E7A4F7556}") = "Fincas", "Fincas\Fincas\Fincas.csproj", "{16299692-D9A3-4DD3-9FBB-845B21631623}"
EndProject
Project("{9A19103F-16F7-4668-BE54-9A1E7A4F7556}") = "Fincas.Backend", "Fincas.Backend\Fincas.Backend.csproj", "{D05C1282-E90C-48EA-8355-206CF37A3F8F}"
EndProject
Project("{9A19103F-16F7-4668-BE54-9A1E7A4F7556}") = "Fincas.API", "Fincas.API\Fincas.API.csproj", "{6041A079-423B-4F73-A0C1-CDFC32867CDD}"
EndProject
Project("{9A19103F-16F7-4668-BE54-9A1E7A4F7556}") = "Fincas.Common", "Fincas.Common\Fincas.Common.csproj", "{C5532982-0F27-46B9-A442-51A77F26B178}"
EndProject
Project("{9A19103F-16F7-4668-BE54-9A1E7A4F7556}") = "Fincas.Domain", "Fincas.Domain\Fincas.Domain.csproj", "{F4414AE4-94E1-44AD-ACAA-C058A383C60A}"
EndProject
Global
	GlobalSection(SolutionConfigurationPlatforms) = preSolution
		Ad-Hoc|Any CPU = Ad-Hoc|Any CPU
		Ad-Hoc|ARM = Ad-Hoc|ARM
		Ad-Hoc|iPhone = Ad-Hoc|iPhone
		Ad-Hoc|iPhoneSimulator = Ad-Hoc|iPhoneSimulator
		Ad-Hoc|x64 = Ad-Hoc|x64
		Ad-Hoc|x86 = Ad-Hoc|x86
		AppStore|Any CPU = AppStore|Any CPU
		AppStore|ARM = AppStore|ARM
		AppStore|iPhone = AppStore|iPhone
		AppStore|iPhoneSimulator = AppStore|iPhoneSimulator
		AppStore|x64 = AppStore|x64
		AppStore|x86 = AppStore|x86
		Debug|Any CPU = Debug|Any CPU
		Debug|ARM = Debug|ARM
		Debug|iPhone = Debug|iPhone
		Debug|iPhoneSimulator = Debug|iPhoneSimulator
		Debug|x64 = Debug|x64
		Debug|x86 = Debug|x86
		Release|Any CPU = Release|Any CPU
		Release|ARM = Release|ARM
		Release|iPhone = Release|iPhone
		Release|iPhoneSimulator = Release|iPhoneSimulator
		Release|x64 = Release|x64
		Release|x86 = Release|x86
	EndGlobalSection
	GlobalSection(ProjectConfigurationPlatforms) = postSolution
		{8975B53A-4CDF-46CD-B9F2-642C61861FA7}.Ad-Hoc|Any CPU.ActiveCfg = Release|Any CPU
		{8975B53A-4CDF-46CD-B9F2-642C61861FA7}.Ad-Hoc|Any CPU.Build.0 = Release|Any CPU
		{8975B53A-4CDF-46CD-B9F2-642C61861FA7}.Ad-Hoc|Any CPU.Deploy.0 = Release|Any CPU
		{8975B53A-4CDF-46CD-B9F2-642C61861FA7}.Ad-Hoc|ARM.ActiveCfg = Release|Any CPU
		{8975B53A-4CDF-46CD-B9F2-642C61861FA7}.Ad-Hoc|ARM.Build.0 = Release|Any CPU
		{8975B53A-4CDF-46CD-B9F2-642C61861FA7}.Ad-Hoc|ARM.Deploy.0 = Release|Any CPU
		{8975B53A-4CDF-46CD-B9F2-642C61861FA7}.Ad-Hoc|iPhone.ActiveCfg = Release|Any CPU
		{8975B53A-4CDF-46CD-B9F2-642C61861FA7}.Ad-Hoc|iPhone.Build.0 = Release|Any CPU
		{8975B53A-4CDF-46CD-B9F2-642C61861FA7}.Ad-Hoc|iPhone.Deploy.0 = Release|Any CPU
		{8975B53A-4CDF-46CD-B9F2-642C61861FA7}.Ad-Hoc|iPhoneSimulator.ActiveCfg = Release|Any CPU
		{8975B53A-4CDF-46CD-B9F2-642C61861FA7}.Ad-Hoc|iPhoneSimulator.Build.0 = Release|Any CPU
		{8975B53A-4CDF-46CD-B9F2-642C61861FA7}.Ad-Hoc|iPhoneSimulator.Deploy.0 = Release|Any CPU
		{8975B53A-4CDF-46CD-B9F2-642C61861FA7}.Ad-Hoc|x64.ActiveCfg = Release|Any CPU
		{8975B53A-4CDF-46CD-B9F2-642C61861FA7}.Ad-Hoc|x64.Build.0 = Release|Any CPU
		{8975B53A-4CDF-46CD-B9F2-642C61861FA7}.Ad-Hoc|x64.Deploy.0 = Release|Any CPU
		{8975B53A-4CDF-46CD-B9F2-642C61861FA7}.Ad-Hoc|x86.ActiveCfg = Release|Any CPU
		{8975B53A-4CDF-46CD-B9F2-642C61861FA7}.Ad-Hoc|x86.Build.0 = Release|Any CPU
		{8975B53A-4CDF-46CD-B9F2-642C61861FA7}.Ad-Hoc|x86.Deploy.0 = Release|Any CPU
		{8975B53A-4CDF-46CD-B9F2-642C61861FA7}.AppStore|Any CPU.ActiveCfg = Release|Any CPU
		{8975B53A-4CDF-46CD-B9F2-642C61861FA7}.AppStore|Any CPU.Build.0 = Release|Any CPU
		{8975B53A-4CDF-46CD-B9F2-642C61861FA7}.AppStore|Any CPU.Deploy.0 = Release|Any CPU
		{8975B53A-4CDF-46CD-B9F2-642C61861FA7}.AppStore|ARM.ActiveCfg = Release|Any CPU
		{8975B53A-4CDF-46CD-B9F2-642C61861FA7}.AppStore|ARM.Build.0 = Release|Any CPU
		{8975B53A-4CDF-46CD-B9F2-642C61861FA7}.AppStore|ARM.Deploy.0 = Release|Any CPU
		{8975B53A-4CDF-46CD-B9F2-642C61861FA7}.AppStore|iPhone.ActiveCfg = Release|Any CPU
		{8975B53A-4CDF-46CD-B9F2-642C61861FA7}.AppStore|iPhone.Build.0 = Release|Any CPU
		{8975B53A-4CDF-46CD-B9F2-642C61861FA7}.AppStore|iPhone.Deploy.0 = Release|Any CPU
		{8975B53A-4CDF-46CD-B9F2-642C61861FA7}.AppStore|iPhoneSimulator.ActiveCfg = Release|Any CPU
		{8975B53A-4CDF-46CD-B9F2-642C61861FA7}.AppStore|iPhoneSimulator.Build.0 = Release|Any CPU
		{8975B53A-4CDF-46CD-B9F2-642C61861FA7}.AppStore|iPhoneSimulator.Deploy.0 = Release|Any CPU
		{8975B53A-4CDF-46CD-B9F2-642C61861FA7}.AppStore|x64.ActiveCfg = Release|Any CPU
		{8975B53A-4CDF-46CD-B9F2-642C61861FA7}.AppStore|x64.Build.0 = Release|Any CPU
		{8975B53A-4CDF-46CD-B9F2-642C61861FA7}.AppStore|x64.Deploy.0 = Release|Any CPU
		{8975B53A-4CDF-46CD-B9F2-642C61861FA7}.AppStore|x86.ActiveCfg = Release|Any CPU
		{8975B53A-4CDF-46CD-B9F2-642C61861FA7}.AppStore|x86.Build.0 = Release|Any CPU
		{8975B53A-4CDF-46CD-B9F2-642C61861FA7}.AppStore|x86.Deploy.0 = Release|Any CPU
		{8975B53A-4CDF-46CD-B9F2-642C61861FA7}.Debug|Any CPU.ActiveCfg = Debug|Any CPU
		{8975B53A-4CDF-46CD-B9F2-642C61861FA7}.Debug|Any CPU.Build.0 = Debug|Any CPU
		{8975B53A-4CDF-46CD-B9F2-642C61861FA7}.Debug|Any CPU.Deploy.0 = Debug|Any CPU
		{8975B53A-4CDF-46CD-B9F2-642C61861FA7}.Debug|ARM.ActiveCfg = Debug|Any CPU
		{8975B53A-4CDF-46CD-B9F2-642C61861FA7}.Debug|ARM.Build.0 = Debug|Any CPU
		{8975B53A-4CDF-46CD-B9F2-642C61861FA7}.Debug|ARM.Deploy.0 = Debug|Any CPU
		{8975B53A-4CDF-46CD-B9F2-642C61861FA7}.Debug|iPhone.ActiveCfg = Debug|Any CPU
		{8975B53A-4CDF-46CD-B9F2-642C61861FA7}.Debug|iPhone.Build.0 = Debug|Any CPU
		{8975B53A-4CDF-46CD-B9F2-642C61861FA7}.Debug|iPhone.Deploy.0 = Debug|Any CPU
		{8975B53A-4CDF-46CD-B9F2-642C61861FA7}.Debug|iPhoneSimulator.ActiveCfg = Debug|Any CPU
		{8975B53A-4CDF-46CD-B9F2-642C61861FA7}.Debug|iPhoneSimulator.Build.0 = Debug|Any CPU
		{8975B53A-4CDF-46CD-B9F2-642C61861FA7}.Debug|iPhoneSimulator.Deploy.0 = Debug|Any CPU
		{8975B53A-4CDF-46CD-B9F2-642C61861FA7}.Debug|x64.ActiveCfg = Debug|Any CPU
		{8975B53A-4CDF-46CD-B9F2-642C61861FA7}.Debug|x64.Build.0 = Debug|Any CPU
		{8975B53A-4CDF-46CD-B9F2-642C61861FA7}.Debug|x64.Deploy.0 = Debug|Any CPU
		{8975B53A-4CDF-46CD-B9F2-642C61861FA7}.Debug|x86.ActiveCfg = Debug|Any CPU
		{8975B53A-4CDF-46CD-B9F2-642C61861FA7}.Debug|x86.Build.0 = Debug|Any CPU
		{8975B53A-4CDF-46CD-B9F2-642C61861FA7}.Debug|x86.Deploy.0 = Debug|Any CPU
		{8975B53A-4CDF-46CD-B9F2-642C61861FA7}.Release|Any CPU.ActiveCfg = Release|Any CPU
		{8975B53A-4CDF-46CD-B9F2-642C61861FA7}.Release|Any CPU.Build.0 = Release|Any CPU
		{8975B53A-4CDF-46CD-B9F2-642C61861FA7}.Release|Any CPU.Deploy.0 = Release|Any CPU
		{8975B53A-4CDF-46CD-B9F2-642C61861FA7}.Release|ARM.ActiveCfg = Release|Any CPU
		{8975B53A-4CDF-46CD-B9F2-642C61861FA7}.Release|ARM.Build.0 = Release|Any CPU
		{8975B53A-4CDF-46CD-B9F2-642C61861FA7}.Release|ARM.Deploy.0 = Release|Any CPU
		{8975B53A-4CDF-46CD-B9F2-642C61861FA7}.Release|iPhone.ActiveCfg = Release|Any CPU
		{8975B53A-4CDF-46CD-B9F2-642C61861FA7}.Release|iPhone.Build.0 = Release|Any CPU
		{8975B53A-4CDF-46CD-B9F2-642C61861FA7}.Release|iPhone.Deploy.0 = Release|Any CPU
		{8975B53A-4CDF-46CD-B9F2-642C61861FA7}.Release|iPhoneSimulator.ActiveCfg = Release|Any CPU
		{8975B53A-4CDF-46CD-B9F2-642C61861FA7}.Release|iPhoneSimulator.Build.0 = Release|Any CPU
		{8975B53A-4CDF-46CD-B9F2-642C61861FA7}.Release|iPhoneSimulator.Deploy.0 = Release|Any CPU
		{8975B53A-4CDF-46CD-B9F2-642C61861FA7}.Release|x64.ActiveCfg = Release|Any CPU
		{8975B53A-4CDF-46CD-B9F2-642C61861FA7}.Release|x64.Build.0 = Release|Any CPU
		{8975B53A-4CDF-46CD-B9F2-642C61861FA7}.Release|x64.Deploy.0 = Release|Any CPU
		{8975B53A-4CDF-46CD-B9F2-642C61861FA7}.Release|x86.ActiveCfg = Release|Any CPU
		{8975B53A-4CDF-46CD-B9F2-642C61861FA7}.Release|x86.Build.0 = Release|Any CPU
		{8975B53A-4CDF-46CD-B9F2-642C61861FA7}.Release|x86.Deploy.0 = Release|Any CPU
		{19988665-2F7D-432B-AA20-10B8CF7DC081}.Ad-Hoc|Any CPU.ActiveCfg = Ad-Hoc|iPhone
		{19988665-2F7D-432B-AA20-10B8CF7DC081}.Ad-Hoc|Any CPU.Build.0 = Ad-Hoc|iPhone
		{19988665-2F7D-432B-AA20-10B8CF7DC081}.Ad-Hoc|Any CPU.Deploy.0 = Ad-Hoc|iPhone
		{19988665-2F7D-432B-AA20-10B8CF7DC081}.Ad-Hoc|ARM.ActiveCfg = Ad-Hoc|iPhone
		{19988665-2F7D-432B-AA20-10B8CF7DC081}.Ad-Hoc|ARM.Build.0 = Ad-Hoc|iPhone
		{19988665-2F7D-432B-AA20-10B8CF7DC081}.Ad-Hoc|ARM.Deploy.0 = Ad-Hoc|iPhone
		{19988665-2F7D-432B-AA20-10B8CF7DC081}.Ad-Hoc|iPhone.ActiveCfg = Ad-Hoc|iPhone
		{19988665-2F7D-432B-AA20-10B8CF7DC081}.Ad-Hoc|iPhone.Build.0 = Ad-Hoc|iPhone
		{19988665-2F7D-432B-AA20-10B8CF7DC081}.Ad-Hoc|iPhone.Deploy.0 = Ad-Hoc|iPhone
		{19988665-2F7D-432B-AA20-10B8CF7DC081}.Ad-Hoc|iPhoneSimulator.ActiveCfg = Ad-Hoc|iPhoneSimulator
		{19988665-2F7D-432B-AA20-10B8CF7DC081}.Ad-Hoc|iPhoneSimulator.Build.0 = Ad-Hoc|iPhoneSimulator
		{19988665-2F7D-432B-AA20-10B8CF7DC081}.Ad-Hoc|iPhoneSimulator.Deploy.0 = Ad-Hoc|iPhoneSimulator
		{19988665-2F7D-432B-AA20-10B8CF7DC081}.Ad-Hoc|x64.ActiveCfg = Ad-Hoc|iPhone
		{19988665-2F7D-432B-AA20-10B8CF7DC081}.Ad-Hoc|x64.Build.0 = Ad-Hoc|iPhone
		{19988665-2F7D-432B-AA20-10B8CF7DC081}.Ad-Hoc|x64.Deploy.0 = Ad-Hoc|iPhone
		{19988665-2F7D-432B-AA20-10B8CF7DC081}.Ad-Hoc|x86.ActiveCfg = Ad-Hoc|iPhone
		{19988665-2F7D-432B-AA20-10B8CF7DC081}.Ad-Hoc|x86.Build.0 = Ad-Hoc|iPhone
		{19988665-2F7D-432B-AA20-10B8CF7DC081}.Ad-Hoc|x86.Deploy.0 = Ad-Hoc|iPhone
		{19988665-2F7D-432B-AA20-10B8CF7DC081}.AppStore|Any CPU.ActiveCfg = AppStore|iPhone
		{19988665-2F7D-432B-AA20-10B8CF7DC081}.AppStore|Any CPU.Build.0 = AppStore|iPhone
		{19988665-2F7D-432B-AA20-10B8CF7DC081}.AppStore|Any CPU.Deploy.0 = AppStore|iPhone
		{19988665-2F7D-432B-AA20-10B8CF7DC081}.AppStore|ARM.ActiveCfg = AppStore|iPhone
		{19988665-2F7D-432B-AA20-10B8CF7DC081}.AppStore|ARM.Build.0 = AppStore|iPhone
		{19988665-2F7D-432B-AA20-10B8CF7DC081}.AppStore|ARM.Deploy.0 = AppStore|iPhone
		{19988665-2F7D-432B-AA20-10B8CF7DC081}.AppStore|iPhone.ActiveCfg = AppStore|iPhone
		{19988665-2F7D-432B-AA20-10B8CF7DC081}.AppStore|iPhone.Build.0 = AppStore|iPhone
		{19988665-2F7D-432B-AA20-10B8CF7DC081}.AppStore|iPhone.Deploy.0 = AppStore|iPhone
		{19988665-2F7D-432B-AA20-10B8CF7DC081}.AppStore|iPhoneSimulator.ActiveCfg = AppStore|iPhoneSimulator
		{19988665-2F7D-432B-AA20-10B8CF7DC081}.AppStore|iPhoneSimulator.Build.0 = AppStore|iPhoneSimulator
		{19988665-2F7D-432B-AA20-10B8CF7DC081}.AppStore|iPhoneSimulator.Deploy.0 = AppStore|iPhoneSimulator
		{19988665-2F7D-432B-AA20-10B8CF7DC081}.AppStore|x64.ActiveCfg = AppStore|iPhone
		{19988665-2F7D-432B-AA20-10B8CF7DC081}.AppStore|x64.Build.0 = AppStore|iPhone
		{19988665-2F7D-432B-AA20-10B8CF7DC081}.AppStore|x64.Deploy.0 = AppStore|iPhone
		{19988665-2F7D-432B-AA20-10B8CF7DC081}.AppStore|x86.ActiveCfg = AppStore|iPhone
		{19988665-2F7D-432B-AA20-10B8CF7DC081}.AppStore|x86.Build.0 = AppStore|iPhone
		{19988665-2F7D-432B-AA20-10B8CF7DC081}.AppStore|x86.Deploy.0 = AppStore|iPhone
		{19988665-2F7D-432B-AA20-10B8CF7DC081}.Debug|Any CPU.ActiveCfg = Debug|iPhoneSimulator
		{19988665-2F7D-432B-AA20-10B8CF7DC081}.Debug|Any CPU.Build.0 = Debug|iPhoneSimulator
		{19988665-2F7D-432B-AA20-10B8CF7DC081}.Debug|Any CPU.Deploy.0 = Debug|iPhoneSimulator
		{19988665-2F7D-432B-AA20-10B8CF7DC081}.Debug|ARM.ActiveCfg = Debug|iPhone
		{19988665-2F7D-432B-AA20-10B8CF7DC081}.Debug|ARM.Build.0 = Debug|iPhone
		{19988665-2F7D-432B-AA20-10B8CF7DC081}.Debug|ARM.Deploy.0 = Debug|iPhone
		{19988665-2F7D-432B-AA20-10B8CF7DC081}.Debug|iPhone.ActiveCfg = Debug|iPhone
		{19988665-2F7D-432B-AA20-10B8CF7DC081}.Debug|iPhone.Build.0 = Debug|iPhone
		{19988665-2F7D-432B-AA20-10B8CF7DC081}.Debug|iPhone.Deploy.0 = Debug|iPhone
		{19988665-2F7D-432B-AA20-10B8CF7DC081}.Debug|iPhoneSimulator.ActiveCfg = Debug|iPhoneSimulator
		{19988665-2F7D-432B-AA20-10B8CF7DC081}.Debug|iPhoneSimulator.Build.0 = Debug|iPhoneSimulator
		{19988665-2F7D-432B-AA20-10B8CF7DC081}.Debug|iPhoneSimulator.Deploy.0 = Debug|iPhoneSimulator
		{19988665-2F7D-432B-AA20-10B8CF7DC081}.Debug|x64.ActiveCfg = Debug|iPhone
		{19988665-2F7D-432B-AA20-10B8CF7DC081}.Debug|x64.Build.0 = Debug|iPhone
		{19988665-2F7D-432B-AA20-10B8CF7DC081}.Debug|x64.Deploy.0 = Debug|iPhone
		{19988665-2F7D-432B-AA20-10B8CF7DC081}.Debug|x86.ActiveCfg = Debug|iPhone
		{19988665-2F7D-432B-AA20-10B8CF7DC081}.Debug|x86.Build.0 = Debug|iPhone
		{19988665-2F7D-432B-AA20-10B8CF7DC081}.Debug|x86.Deploy.0 = Debug|iPhone
		{19988665-2F7D-432B-AA20-10B8CF7DC081}.Release|Any CPU.ActiveCfg = Release|iPhone
		{19988665-2F7D-432B-AA20-10B8CF7DC081}.Release|Any CPU.Build.0 = Release|iPhone
		{19988665-2F7D-432B-AA20-10B8CF7DC081}.Release|Any CPU.Deploy.0 = Release|iPhone
		{19988665-2F7D-432B-AA20-10B8CF7DC081}.Release|ARM.ActiveCfg = Release|iPhone
		{19988665-2F7D-432B-AA20-10B8CF7DC081}.Release|ARM.Build.0 = Release|iPhone
		{19988665-2F7D-432B-AA20-10B8CF7DC081}.Release|ARM.Deploy.0 = Release|iPhone
		{19988665-2F7D-432B-AA20-10B8CF7DC081}.Release|iPhone.ActiveCfg = Release|iPhone
		{19988665-2F7D-432B-AA20-10B8CF7DC081}.Release|iPhone.Build.0 = Release|iPhone
		{19988665-2F7D-432B-AA20-10B8CF7DC081}.Release|iPhone.Deploy.0 = Release|iPhone
		{19988665-2F7D-432B-AA20-10B8CF7DC081}.Release|iPhoneSimulator.ActiveCfg = Release|iPhoneSimulator
		{19988665-2F7D-432B-AA20-10B8CF7DC081}.Release|iPhoneSimulator.Build.0 = Release|iPhoneSimulator
		{19988665-2F7D-432B-AA20-10B8CF7DC081}.Release|iPhoneSimulator.Deploy.0 = Release|iPhoneSimulator
		{19988665-2F7D-432B-AA20-10B8CF7DC081}.Release|x64.ActiveCfg = Release|iPhone
		{19988665-2F7D-432B-AA20-10B8CF7DC081}.Release|x64.Build.0 = Release|iPhone
		{19988665-2F7D-432B-AA20-10B8CF7DC081}.Release|x64.Deploy.0 = Release|iPhone
		{19988665-2F7D-432B-AA20-10B8CF7DC081}.Release|x86.ActiveCfg = Release|iPhone
		{19988665-2F7D-432B-AA20-10B8CF7DC081}.Release|x86.Build.0 = Release|iPhone
		{19988665-2F7D-432B-AA20-10B8CF7DC081}.Release|x86.Deploy.0 = Release|iPhone
		{8AC0F6EF-1C0F-4C82-AA23-ED0B150FC0E8}.Ad-Hoc|Any CPU.ActiveCfg = Release|x86
		{8AC0F6EF-1C0F-4C82-AA23-ED0B150FC0E8}.Ad-Hoc|Any CPU.Build.0 = Release|x86
		{8AC0F6EF-1C0F-4C82-AA23-ED0B150FC0E8}.Ad-Hoc|Any CPU.Deploy.0 = Release|x86
		{8AC0F6EF-1C0F-4C82-AA23-ED0B150FC0E8}.Ad-Hoc|ARM.ActiveCfg = Release|ARM
		{8AC0F6EF-1C0F-4C82-AA23-ED0B150FC0E8}.Ad-Hoc|ARM.Build.0 = Release|ARM
		{8AC0F6EF-1C0F-4C82-AA23-ED0B150FC0E8}.Ad-Hoc|ARM.Deploy.0 = Release|ARM
		{8AC0F6EF-1C0F-4C82-AA23-ED0B150FC0E8}.Ad-Hoc|iPhone.ActiveCfg = Release|x86
		{8AC0F6EF-1C0F-4C82-AA23-ED0B150FC0E8}.Ad-Hoc|iPhone.Build.0 = Release|x86
		{8AC0F6EF-1C0F-4C82-AA23-ED0B150FC0E8}.Ad-Hoc|iPhone.Deploy.0 = Release|x86
		{8AC0F6EF-1C0F-4C82-AA23-ED0B150FC0E8}.Ad-Hoc|iPhoneSimulator.ActiveCfg = Release|x86
		{8AC0F6EF-1C0F-4C82-AA23-ED0B150FC0E8}.Ad-Hoc|iPhoneSimulator.Build.0 = Release|x86
		{8AC0F6EF-1C0F-4C82-AA23-ED0B150FC0E8}.Ad-Hoc|iPhoneSimulator.Deploy.0 = Release|x86
		{8AC0F6EF-1C0F-4C82-AA23-ED0B150FC0E8}.Ad-Hoc|x64.ActiveCfg = Release|x64
		{8AC0F6EF-1C0F-4C82-AA23-ED0B150FC0E8}.Ad-Hoc|x64.Build.0 = Release|x64
		{8AC0F6EF-1C0F-4C82-AA23-ED0B150FC0E8}.Ad-Hoc|x64.Deploy.0 = Release|x64
		{8AC0F6EF-1C0F-4C82-AA23-ED0B150FC0E8}.Ad-Hoc|x86.ActiveCfg = Release|x86
		{8AC0F6EF-1C0F-4C82-AA23-ED0B150FC0E8}.Ad-Hoc|x86.Build.0 = Release|x86
		{8AC0F6EF-1C0F-4C82-AA23-ED0B150FC0E8}.Ad-Hoc|x86.Deploy.0 = Release|x86
		{8AC0F6EF-1C0F-4C82-AA23-ED0B150FC0E8}.AppStore|Any CPU.ActiveCfg = Release|x86
		{8AC0F6EF-1C0F-4C82-AA23-ED0B150FC0E8}.AppStore|Any CPU.Build.0 = Release|x86
		{8AC0F6EF-1C0F-4C82-AA23-ED0B150FC0E8}.AppStore|Any CPU.Deploy.0 = Release|x86
		{8AC0F6EF-1C0F-4C82-AA23-ED0B150FC0E8}.AppStore|ARM.ActiveCfg = Release|ARM
		{8AC0F6EF-1C0F-4C82-AA23-ED0B150FC0E8}.AppStore|ARM.Build.0 = Release|ARM
		{8AC0F6EF-1C0F-4C82-AA23-ED0B150FC0E8}.AppStore|ARM.Deploy.0 = Release|ARM
		{8AC0F6EF-1C0F-4C82-AA23-ED0B150FC0E8}.AppStore|iPhone.ActiveCfg = Release|x86
		{8AC0F6EF-1C0F-4C82-AA23-ED0B150FC0E8}.AppStore|iPhone.Build.0 = Release|x86
		{8AC0F6EF-1C0F-4C82-AA23-ED0B150FC0E8}.AppStore|iPhone.Deploy.0 = Release|x86
		{8AC0F6EF-1C0F-4C82-AA23-ED0B150FC0E8}.AppStore|iPhoneSimulator.ActiveCfg = Release|x86
		{8AC0F6EF-1C0F-4C82-AA23-ED0B150FC0E8}.AppStore|iPhoneSimulator.Build.0 = Release|x86
		{8AC0F6EF-1C0F-4C82-AA23-ED0B150FC0E8}.AppStore|iPhoneSimulator.Deploy.0 = Release|x86
		{8AC0F6EF-1C0F-4C82-AA23-ED0B150FC0E8}.AppStore|x64.ActiveCfg = Release|x64
		{8AC0F6EF-1C0F-4C82-AA23-ED0B150FC0E8}.AppStore|x64.Build.0 = Release|x64
		{8AC0F6EF-1C0F-4C82-AA23-ED0B150FC0E8}.AppStore|x64.Deploy.0 = Release|x64
		{8AC0F6EF-1C0F-4C82-AA23-ED0B150FC0E8}.AppStore|x86.ActiveCfg = Release|x86
		{8AC0F6EF-1C0F-4C82-AA23-ED0B150FC0E8}.AppStore|x86.Build.0 = Release|x86
		{8AC0F6EF-1C0F-4C82-AA23-ED0B150FC0E8}.AppStore|x86.Deploy.0 = Release|x86
		{8AC0F6EF-1C0F-4C82-AA23-ED0B150FC0E8}.Debug|Any CPU.ActiveCfg = Debug|x86
		{8AC0F6EF-1C0F-4C82-AA23-ED0B150FC0E8}.Debug|Any CPU.Build.0 = Debug|x86
		{8AC0F6EF-1C0F-4C82-AA23-ED0B150FC0E8}.Debug|Any CPU.Deploy.0 = Debug|x86
		{8AC0F6EF-1C0F-4C82-AA23-ED0B150FC0E8}.Debug|ARM.ActiveCfg = Debug|ARM
		{8AC0F6EF-1C0F-4C82-AA23-ED0B150FC0E8}.Debug|ARM.Build.0 = Debug|ARM
		{8AC0F6EF-1C0F-4C82-AA23-ED0B150FC0E8}.Debug|ARM.Deploy.0 = Debug|ARM
		{8AC0F6EF-1C0F-4C82-AA23-ED0B150FC0E8}.Debug|iPhone.ActiveCfg = Debug|x86
		{8AC0F6EF-1C0F-4C82-AA23-ED0B150FC0E8}.Debug|iPhone.Build.0 = Debug|x86
		{8AC0F6EF-1C0F-4C82-AA23-ED0B150FC0E8}.Debug|iPhone.Deploy.0 = Debug|x86
		{8AC0F6EF-1C0F-4C82-AA23-ED0B150FC0E8}.Debug|iPhoneSimulator.ActiveCfg = Debug|x86
		{8AC0F6EF-1C0F-4C82-AA23-ED0B150FC0E8}.Debug|iPhoneSimulator.Build.0 = Debug|x86
		{8AC0F6EF-1C0F-4C82-AA23-ED0B150FC0E8}.Debug|iPhoneSimulator.Deploy.0 = Debug|x86
		{8AC0F6EF-1C0F-4C82-AA23-ED0B150FC0E8}.Debug|x64.ActiveCfg = Debug|x64
		{8AC0F6EF-1C0F-4C82-AA23-ED0B150FC0E8}.Debug|x64.Build.0 = Debug|x64
		{8AC0F6EF-1C0F-4C82-AA23-ED0B150FC0E8}.Debug|x64.Deploy.0 = Debug|x64
		{8AC0F6EF-1C0F-4C82-AA23-ED0B150FC0E8}.Debug|x86.ActiveCfg = Debug|x86
		{8AC0F6EF-1C0F-4C82-AA23-ED0B150FC0E8}.Debug|x86.Build.0 = Debug|x86
		{8AC0F6EF-1C0F-4C82-AA23-ED0B150FC0E8}.Debug|x86.Deploy.0 = Debug|x86
		{8AC0F6EF-1C0F-4C82-AA23-ED0B150FC0E8}.Release|Any CPU.ActiveCfg = Release|x86
		{8AC0F6EF-1C0F-4C82-AA23-ED0B150FC0E8}.Release|Any CPU.Build.0 = Release|x86
		{8AC0F6EF-1C0F-4C82-AA23-ED0B150FC0E8}.Release|Any CPU.Deploy.0 = Release|x86
		{8AC0F6EF-1C0F-4C82-AA23-ED0B150FC0E8}.Release|ARM.ActiveCfg = Release|ARM
		{8AC0F6EF-1C0F-4C82-AA23-ED0B150FC0E8}.Release|ARM.Build.0 = Release|ARM
		{8AC0F6EF-1C0F-4C82-AA23-ED0B150FC0E8}.Release|ARM.Deploy.0 = Release|ARM
		{8AC0F6EF-1C0F-4C82-AA23-ED0B150FC0E8}.Release|iPhone.ActiveCfg = Release|x86
		{8AC0F6EF-1C0F-4C82-AA23-ED0B150FC0E8}.Release|iPhone.Build.0 = Release|x86
		{8AC0F6EF-1C0F-4C82-AA23-ED0B150FC0E8}.Release|iPhone.Deploy.0 = Release|x86
		{8AC0F6EF-1C0F-4C82-AA23-ED0B150FC0E8}.Release|iPhoneSimulator.ActiveCfg = Release|x86
		{8AC0F6EF-1C0F-4C82-AA23-ED0B150FC0E8}.Release|iPhoneSimulator.Build.0 = Release|x86
		{8AC0F6EF-1C0F-4C82-AA23-ED0B150FC0E8}.Release|iPhoneSimulator.Deploy.0 = Release|x86
		{8AC0F6EF-1C0F-4C82-AA23-ED0B150FC0E8}.Release|x64.ActiveCfg = Release|x64
		{8AC0F6EF-1C0F-4C82-AA23-ED0B150FC0E8}.Release|x64.Build.0 = Release|x64
		{8AC0F6EF-1C0F-4C82-AA23-ED0B150FC0E8}.Release|x64.Deploy.0 = Release|x64
		{8AC0F6EF-1C0F-4C82-AA23-ED0B150FC0E8}.Release|x86.ActiveCfg = Release|x86
		{8AC0F6EF-1C0F-4C82-AA23-ED0B150FC0E8}.Release|x86.Build.0 = Release|x86
		{8AC0F6EF-1C0F-4C82-AA23-ED0B150FC0E8}.Release|x86.Deploy.0 = Release|x86
		{16299692-D9A3-4DD3-9FBB-845B21631623}.Ad-Hoc|Any CPU.ActiveCfg = Debug|Any CPU
		{16299692-D9A3-4DD3-9FBB-845B21631623}.Ad-Hoc|Any CPU.Build.0 = Debug|Any CPU
		{16299692-D9A3-4DD3-9FBB-845B21631623}.Ad-Hoc|Any CPU.Deploy.0 = Debug|Any CPU
		{16299692-D9A3-4DD3-9FBB-845B21631623}.Ad-Hoc|ARM.ActiveCfg = Debug|Any CPU
		{16299692-D9A3-4DD3-9FBB-845B21631623}.Ad-Hoc|ARM.Build.0 = Debug|Any CPU
		{16299692-D9A3-4DD3-9FBB-845B21631623}.Ad-Hoc|ARM.Deploy.0 = Debug|Any CPU
		{16299692-D9A3-4DD3-9FBB-845B21631623}.Ad-Hoc|iPhone.ActiveCfg = Debug|Any CPU
		{16299692-D9A3-4DD3-9FBB-845B21631623}.Ad-Hoc|iPhone.Build.0 = Debug|Any CPU
		{16299692-D9A3-4DD3-9FBB-845B21631623}.Ad-Hoc|iPhone.Deploy.0 = Debug|Any CPU
		{16299692-D9A3-4DD3-9FBB-845B21631623}.Ad-Hoc|iPhoneSimulator.ActiveCfg = Debug|Any CPU
		{16299692-D9A3-4DD3-9FBB-845B21631623}.Ad-Hoc|iPhoneSimulator.Build.0 = Debug|Any CPU
		{16299692-D9A3-4DD3-9FBB-845B21631623}.Ad-Hoc|iPhoneSimulator.Deploy.0 = Debug|Any CPU
		{16299692-D9A3-4DD3-9FBB-845B21631623}.Ad-Hoc|x64.ActiveCfg = Debug|Any CPU
		{16299692-D9A3-4DD3-9FBB-845B21631623}.Ad-Hoc|x64.Build.0 = Debug|Any CPU
		{16299692-D9A3-4DD3-9FBB-845B21631623}.Ad-Hoc|x64.Deploy.0 = Debug|Any CPU
		{16299692-D9A3-4DD3-9FBB-845B21631623}.Ad-Hoc|x86.ActiveCfg = Debug|Any CPU
		{16299692-D9A3-4DD3-9FBB-845B21631623}.Ad-Hoc|x86.Build.0 = Debug|Any CPU
		{16299692-D9A3-4DD3-9FBB-845B21631623}.Ad-Hoc|x86.Deploy.0 = Debug|Any CPU
		{16299692-D9A3-4DD3-9FBB-845B21631623}.AppStore|Any CPU.ActiveCfg = Debug|Any CPU
		{16299692-D9A3-4DD3-9FBB-845B21631623}.AppStore|Any CPU.Build.0 = Debug|Any CPU
		{16299692-D9A3-4DD3-9FBB-845B21631623}.AppStore|Any CPU.Deploy.0 = Debug|Any CPU
		{16299692-D9A3-4DD3-9FBB-845B21631623}.AppStore|ARM.ActiveCfg = Debug|Any CPU
		{16299692-D9A3-4DD3-9FBB-845B21631623}.AppStore|ARM.Build.0 = Debug|Any CPU
		{16299692-D9A3-4DD3-9FBB-845B21631623}.AppStore|ARM.Deploy.0 = Debug|Any CPU
		{16299692-D9A3-4DD3-9FBB-845B21631623}.AppStore|iPhone.ActiveCfg = Debug|Any CPU
		{16299692-D9A3-4DD3-9FBB-845B21631623}.AppStore|iPhone.Build.0 = Debug|Any CPU
		{16299692-D9A3-4DD3-9FBB-845B21631623}.AppStore|iPhone.Deploy.0 = Debug|Any CPU
		{16299692-D9A3-4DD3-9FBB-845B21631623}.AppStore|iPhoneSimulator.ActiveCfg = Debug|Any CPU
		{16299692-D9A3-4DD3-9FBB-845B21631623}.AppStore|iPhoneSimulator.Build.0 = Debug|Any CPU
		{16299692-D9A3-4DD3-9FBB-845B21631623}.AppStore|iPhoneSimulator.Deploy.0 = Debug|Any CPU
		{16299692-D9A3-4DD3-9FBB-845B21631623}.AppStore|x64.ActiveCfg = Debug|Any CPU
		{16299692-D9A3-4DD3-9FBB-845B21631623}.AppStore|x64.Build.0 = Debug|Any CPU
		{16299692-D9A3-4DD3-9FBB-845B21631623}.AppStore|x64.Deploy.0 = Debug|Any CPU
		{16299692-D9A3-4DD3-9FBB-845B21631623}.AppStore|x86.ActiveCfg = Debug|Any CPU
		{16299692-D9A3-4DD3-9FBB-845B21631623}.AppStore|x86.Build.0 = Debug|Any CPU
		{16299692-D9A3-4DD3-9FBB-845B21631623}.AppStore|x86.Deploy.0 = Debug|Any CPU
		{16299692-D9A3-4DD3-9FBB-845B21631623}.Debug|Any CPU.ActiveCfg = Debug|Any CPU
		{16299692-D9A3-4DD3-9FBB-845B21631623}.Debug|Any CPU.Build.0 = Debug|Any CPU
		{16299692-D9A3-4DD3-9FBB-845B21631623}.Debug|Any CPU.Deploy.0 = Debug|Any CPU
		{16299692-D9A3-4DD3-9FBB-845B21631623}.Debug|ARM.ActiveCfg = Debug|Any CPU
		{16299692-D9A3-4DD3-9FBB-845B21631623}.Debug|ARM.Build.0 = Debug|Any CPU
		{16299692-D9A3-4DD3-9FBB-845B21631623}.Debug|ARM.Deploy.0 = Debug|Any CPU
		{16299692-D9A3-4DD3-9FBB-845B21631623}.Debug|iPhone.ActiveCfg = Debug|Any CPU
		{16299692-D9A3-4DD3-9FBB-845B21631623}.Debug|iPhone.Build.0 = Debug|Any CPU
		{16299692-D9A3-4DD3-9FBB-845B21631623}.Debug|iPhone.Deploy.0 = Debug|Any CPU
		{16299692-D9A3-4DD3-9FBB-845B21631623}.Debug|iPhoneSimulator.ActiveCfg = Debug|Any CPU
		{16299692-D9A3-4DD3-9FBB-845B21631623}.Debug|iPhoneSimulator.Build.0 = Debug|Any CPU
		{16299692-D9A3-4DD3-9FBB-845B21631623}.Debug|iPhoneSimulator.Deploy.0 = Debug|Any CPU
		{16299692-D9A3-4DD3-9FBB-845B21631623}.Debug|x64.ActiveCfg = Debug|Any CPU
		{16299692-D9A3-4DD3-9FBB-845B21631623}.Debug|x64.Build.0 = Debug|Any CPU
		{16299692-D9A3-4DD3-9FBB-845B21631623}.Debug|x64.Deploy.0 = Debug|Any CPU
		{16299692-D9A3-4DD3-9FBB-845B21631623}.Debug|x86.ActiveCfg = Debug|Any CPU
		{16299692-D9A3-4DD3-9FBB-845B21631623}.Debug|x86.Build.0 = Debug|Any CPU
		{16299692-D9A3-4DD3-9FBB-845B21631623}.Debug|x86.Deploy.0 = Debug|Any CPU
		{16299692-D9A3-4DD3-9FBB-845B21631623}.Release|Any CPU.ActiveCfg = Release|Any CPU
		{16299692-D9A3-4DD3-9FBB-845B21631623}.Release|Any CPU.Build.0 = Release|Any CPU
		{16299692-D9A3-4DD3-9FBB-845B21631623}.Release|Any CPU.Deploy.0 = Release|Any CPU
		{16299692-D9A3-4DD3-9FBB-845B21631623}.Release|ARM.ActiveCfg = Release|Any CPU
		{16299692-D9A3-4DD3-9FBB-845B21631623}.Release|ARM.Build.0 = Release|Any CPU
		{16299692-D9A3-4DD3-9FBB-845B21631623}.Release|ARM.Deploy.0 = Release|Any CPU
		{16299692-D9A3-4DD3-9FBB-845B21631623}.Release|iPhone.ActiveCfg = Release|Any CPU
		{16299692-D9A3-4DD3-9FBB-845B21631623}.Release|iPhone.Build.0 = Release|Any CPU
		{16299692-D9A3-4DD3-9FBB-845B21631623}.Release|iPhone.Deploy.0 = Release|Any CPU
		{16299692-D9A3-4DD3-9FBB-845B21631623}.Release|iPhoneSimulator.ActiveCfg = Release|Any CPU
		{16299692-D9A3-4DD3-9FBB-845B21631623}.Release|iPhoneSimulator.Build.0 = Release|Any CPU
		{16299692-D9A3-4DD3-9FBB-845B21631623}.Release|iPhoneSimulator.Deploy.0 = Release|Any CPU
		{16299692-D9A3-4DD3-9FBB-845B21631623}.Release|x64.ActiveCfg = Release|Any CPU
		{16299692-D9A3-4DD3-9FBB-845B21631623}.Release|x64.Build.0 = Release|Any CPU
		{16299692-D9A3-4DD3-9FBB-845B21631623}.Release|x64.Deploy.0 = Release|Any CPU
		{16299692-D9A3-4DD3-9FBB-845B21631623}.Release|x86.ActiveCfg = Release|Any CPU
		{16299692-D9A3-4DD3-9FBB-845B21631623}.Release|x86.Build.0 = Release|Any CPU
		{16299692-D9A3-4DD3-9FBB-845B21631623}.Release|x86.Deploy.0 = Release|Any CPU
		{D05C1282-E90C-48EA-8355-206CF37A3F8F}.Ad-Hoc|Any CPU.ActiveCfg = Debug|Any CPU
		{D05C1282-E90C-48EA-8355-206CF37A3F8F}.Ad-Hoc|Any CPU.Build.0 = Debug|Any CPU
		{D05C1282-E90C-48EA-8355-206CF37A3F8F}.Ad-Hoc|ARM.ActiveCfg = Debug|Any CPU
		{D05C1282-E90C-48EA-8355-206CF37A3F8F}.Ad-Hoc|ARM.Build.0 = Debug|Any CPU
		{D05C1282-E90C-48EA-8355-206CF37A3F8F}.Ad-Hoc|iPhone.ActiveCfg = Debug|Any CPU
		{D05C1282-E90C-48EA-8355-206CF37A3F8F}.Ad-Hoc|iPhone.Build.0 = Debug|Any CPU
		{D05C1282-E90C-48EA-8355-206CF37A3F8F}.Ad-Hoc|iPhoneSimulator.ActiveCfg = Debug|Any CPU
		{D05C1282-E90C-48EA-8355-206CF37A3F8F}.Ad-Hoc|iPhoneSimulator.Build.0 = Debug|Any CPU
		{D05C1282-E90C-48EA-8355-206CF37A3F8F}.Ad-Hoc|x64.ActiveCfg = Debug|Any CPU
		{D05C1282-E90C-48EA-8355-206CF37A3F8F}.Ad-Hoc|x64.Build.0 = Debug|Any CPU
		{D05C1282-E90C-48EA-8355-206CF37A3F8F}.Ad-Hoc|x86.ActiveCfg = Debug|Any CPU
		{D05C1282-E90C-48EA-8355-206CF37A3F8F}.Ad-Hoc|x86.Build.0 = Debug|Any CPU
		{D05C1282-E90C-48EA-8355-206CF37A3F8F}.AppStore|Any CPU.ActiveCfg = Debug|Any CPU
		{D05C1282-E90C-48EA-8355-206CF37A3F8F}.AppStore|Any CPU.Build.0 = Debug|Any CPU
		{D05C1282-E90C-48EA-8355-206CF37A3F8F}.AppStore|ARM.ActiveCfg = Debug|Any CPU
		{D05C1282-E90C-48EA-8355-206CF37A3F8F}.AppStore|ARM.Build.0 = Debug|Any CPU
		{D05C1282-E90C-48EA-8355-206CF37A3F8F}.AppStore|iPhone.ActiveCfg = Debug|Any CPU
		{D05C1282-E90C-48EA-8355-206CF37A3F8F}.AppStore|iPhone.Build.0 = Debug|Any CPU
		{D05C1282-E90C-48EA-8355-206CF37A3F8F}.AppStore|iPhoneSimulator.ActiveCfg = Debug|Any CPU
		{D05C1282-E90C-48EA-8355-206CF37A3F8F}.AppStore|iPhoneSimulator.Build.0 = Debug|Any CPU
		{D05C1282-E90C-48EA-8355-206CF37A3F8F}.AppStore|x64.ActiveCfg = Debug|Any CPU
		{D05C1282-E90C-48EA-8355-206CF37A3F8F}.AppStore|x64.Build.0 = Debug|Any CPU
		{D05C1282-E90C-48EA-8355-206CF37A3F8F}.AppStore|x86.ActiveCfg = Debug|Any CPU
		{D05C1282-E90C-48EA-8355-206CF37A3F8F}.AppStore|x86.Build.0 = Debug|Any CPU
		{D05C1282-E90C-48EA-8355-206CF37A3F8F}.Debug|Any CPU.ActiveCfg = Debug|Any CPU
		{D05C1282-E90C-48EA-8355-206CF37A3F8F}.Debug|Any CPU.Build.0 = Debug|Any CPU
		{D05C1282-E90C-48EA-8355-206CF37A3F8F}.Debug|ARM.ActiveCfg = Debug|Any CPU
		{D05C1282-E90C-48EA-8355-206CF37A3F8F}.Debug|ARM.Build.0 = Debug|Any CPU
		{D05C1282-E90C-48EA-8355-206CF37A3F8F}.Debug|iPhone.ActiveCfg = Debug|Any CPU
		{D05C1282-E90C-48EA-8355-206CF37A3F8F}.Debug|iPhone.Build.0 = Debug|Any CPU
		{D05C1282-E90C-48EA-8355-206CF37A3F8F}.Debug|iPhoneSimulator.ActiveCfg = Debug|Any CPU
		{D05C1282-E90C-48EA-8355-206CF37A3F8F}.Debug|iPhoneSimulator.Build.0 = Debug|Any CPU
		{D05C1282-E90C-48EA-8355-206CF37A3F8F}.Debug|x64.ActiveCfg = Debug|Any CPU
		{D05C1282-E90C-48EA-8355-206CF37A3F8F}.Debug|x64.Build.0 = Debug|Any CPU
		{D05C1282-E90C-48EA-8355-206CF37A3F8F}.Debug|x86.ActiveCfg = Debug|Any CPU
		{D05C1282-E90C-48EA-8355-206CF37A3F8F}.Debug|x86.Build.0 = Debug|Any CPU
		{D05C1282-E90C-48EA-8355-206CF37A3F8F}.Release|Any CPU.ActiveCfg = Release|Any CPU
		{D05C1282-E90C-48EA-8355-206CF37A3F8F}.Release|Any CPU.Build.0 = Release|Any CPU
		{D05C1282-E90C-48EA-8355-206CF37A3F8F}.Release|ARM.ActiveCfg = Release|Any CPU
		{D05C1282-E90C-48EA-8355-206CF37A3F8F}.Release|ARM.Build.0 = Release|Any CPU
		{D05C1282-E90C-48EA-8355-206CF37A3F8F}.Release|iPhone.ActiveCfg = Release|Any CPU
		{D05C1282-E90C-48EA-8355-206CF37A3F8F}.Release|iPhone.Build.0 = Release|Any CPU
		{D05C1282-E90C-48EA-8355-206CF37A3F8F}.Release|iPhoneSimulator.ActiveCfg = Release|Any CPU
		{D05C1282-E90C-48EA-8355-206CF37A3F8F}.Release|iPhoneSimulator.Build.0 = Release|Any CPU
		{D05C1282-E90C-48EA-8355-206CF37A3F8F}.Release|x64.ActiveCfg = Release|Any CPU
		{D05C1282-E90C-48EA-8355-206CF37A3F8F}.Release|x64.Build.0 = Release|Any CPU
		{D05C1282-E90C-48EA-8355-206CF37A3F8F}.Release|x86.ActiveCfg = Release|Any CPU
		{D05C1282-E90C-48EA-8355-206CF37A3F8F}.Release|x86.Build.0 = Release|Any CPU
		{6041A079-423B-4F73-A0C1-CDFC32867CDD}.Ad-Hoc|Any CPU.ActiveCfg = Debug|Any CPU
		{6041A079-423B-4F73-A0C1-CDFC32867CDD}.Ad-Hoc|Any CPU.Build.0 = Debug|Any CPU
		{6041A079-423B-4F73-A0C1-CDFC32867CDD}.Ad-Hoc|ARM.ActiveCfg = Debug|Any CPU
		{6041A079-423B-4F73-A0C1-CDFC32867CDD}.Ad-Hoc|ARM.Build.0 = Debug|Any CPU
		{6041A079-423B-4F73-A0C1-CDFC32867CDD}.Ad-Hoc|iPhone.ActiveCfg = Debug|Any CPU
		{6041A079-423B-4F73-A0C1-CDFC32867CDD}.Ad-Hoc|iPhone.Build.0 = Debug|Any CPU
		{6041A079-423B-4F73-A0C1-CDFC32867CDD}.Ad-Hoc|iPhoneSimulator.ActiveCfg = Debug|Any CPU
		{6041A079-423B-4F73-A0C1-CDFC32867CDD}.Ad-Hoc|iPhoneSimulator.Build.0 = Debug|Any CPU
		{6041A079-423B-4F73-A0C1-CDFC32867CDD}.Ad-Hoc|x64.ActiveCfg = Debug|Any CPU
		{6041A079-423B-4F73-A0C1-CDFC32867CDD}.Ad-Hoc|x64.Build.0 = Debug|Any CPU
		{6041A079-423B-4F73-A0C1-CDFC32867CDD}.Ad-Hoc|x86.ActiveCfg = Debug|Any CPU
		{6041A079-423B-4F73-A0C1-CDFC32867CDD}.Ad-Hoc|x86.Build.0 = Debug|Any CPU
		{6041A079-423B-4F73-A0C1-CDFC32867CDD}.AppStore|Any CPU.ActiveCfg = Debug|Any CPU
		{6041A079-423B-4F73-A0C1-CDFC32867CDD}.AppStore|Any CPU.Build.0 = Debug|Any CPU
		{6041A079-423B-4F73-A0C1-CDFC32867CDD}.AppStore|ARM.ActiveCfg = Debug|Any CPU
		{6041A079-423B-4F73-A0C1-CDFC32867CDD}.AppStore|ARM.Build.0 = Debug|Any CPU
		{6041A079-423B-4F73-A0C1-CDFC32867CDD}.AppStore|iPhone.ActiveCfg = Debug|Any CPU
		{6041A079-423B-4F73-A0C1-CDFC32867CDD}.AppStore|iPhone.Build.0 = Debug|Any CPU
		{6041A079-423B-4F73-A0C1-CDFC32867CDD}.AppStore|iPhoneSimulator.ActiveCfg = Debug|Any CPU
		{6041A079-423B-4F73-A0C1-CDFC32867CDD}.AppStore|iPhoneSimulator.Build.0 = Debug|Any CPU
		{6041A079-423B-4F73-A0C1-CDFC32867CDD}.AppStore|x64.ActiveCfg = Debug|Any CPU
		{6041A079-423B-4F73-A0C1-CDFC32867CDD}.AppStore|x64.Build.0 = Debug|Any CPU
		{6041A079-423B-4F73-A0C1-CDFC32867CDD}.AppStore|x86.ActiveCfg = Debug|Any CPU
		{6041A079-423B-4F73-A0C1-CDFC32867CDD}.AppStore|x86.Build.0 = Debug|Any CPU
		{6041A079-423B-4F73-A0C1-CDFC32867CDD}.Debug|Any CPU.ActiveCfg = Debug|Any CPU
		{6041A079-423B-4F73-A0C1-CDFC32867CDD}.Debug|Any CPU.Build.0 = Debug|Any CPU
		{6041A079-423B-4F73-A0C1-CDFC32867CDD}.Debug|ARM.ActiveCfg = Debug|Any CPU
		{6041A079-423B-4F73-A0C1-CDFC32867CDD}.Debug|ARM.Build.0 = Debug|Any CPU
		{6041A079-423B-4F73-A0C1-CDFC32867CDD}.Debug|iPhone.ActiveCfg = Debug|Any CPU
		{6041A079-423B-4F73-A0C1-CDFC32867CDD}.Debug|iPhone.Build.0 = Debug|Any CPU
		{6041A079-423B-4F73-A0C1-CDFC32867CDD}.Debug|iPhoneSimulator.ActiveCfg = Debug|Any CPU
		{6041A079-423B-4F73-A0C1-CDFC32867CDD}.Debug|iPhoneSimulator.Build.0 = Debug|Any CPU
		{6041A079-423B-4F73-A0C1-CDFC32867CDD}.Debug|x64.ActiveCfg = Debug|Any CPU
		{6041A079-423B-4F73-A0C1-CDFC32867CDD}.Debug|x64.Build.0 = Debug|Any CPU
		{6041A079-423B-4F73-A0C1-CDFC32867CDD}.Debug|x86.ActiveCfg = Debug|Any CPU
		{6041A079-423B-4F73-A0C1-CDFC32867CDD}.Debug|x86.Build.0 = Debug|Any CPU
		{6041A079-423B-4F73-A0C1-CDFC32867CDD}.Release|Any CPU.ActiveCfg = Release|Any CPU
		{6041A079-423B-4F73-A0C1-CDFC32867CDD}.Release|Any CPU.Build.0 = Release|Any CPU
		{6041A079-423B-4F73-A0C1-CDFC32867CDD}.Release|ARM.ActiveCfg = Release|Any CPU
		{6041A079-423B-4F73-A0C1-CDFC32867CDD}.Release|ARM.Build.0 = Release|Any CPU
		{6041A079-423B-4F73-A0C1-CDFC32867CDD}.Release|iPhone.ActiveCfg = Release|Any CPU
		{6041A079-423B-4F73-A0C1-CDFC32867CDD}.Release|iPhone.Build.0 = Release|Any CPU
		{6041A079-423B-4F73-A0C1-CDFC32867CDD}.Release|iPhoneSimulator.ActiveCfg = Release|Any CPU
		{6041A079-423B-4F73-A0C1-CDFC32867CDD}.Release|iPhoneSimulator.Build.0 = Release|Any CPU
		{6041A079-423B-4F73-A0C1-CDFC32867CDD}.Release|x64.ActiveCfg = Release|Any CPU
		{6041A079-423B-4F73-A0C1-CDFC32867CDD}.Release|x64.Build.0 = Release|Any CPU
		{6041A079-423B-4F73-A0C1-CDFC32867CDD}.Release|x86.ActiveCfg = Release|Any CPU
		{6041A079-423B-4F73-A0C1-CDFC32867CDD}.Release|x86.Build.0 = Release|Any CPU
		{C5532982-0F27-46B9-A442-51A77F26B178}.Ad-Hoc|Any CPU.ActiveCfg = Debug|Any CPU
		{C5532982-0F27-46B9-A442-51A77F26B178}.Ad-Hoc|Any CPU.Build.0 = Debug|Any CPU
		{C5532982-0F27-46B9-A442-51A77F26B178}.Ad-Hoc|ARM.ActiveCfg = Debug|Any CPU
		{C5532982-0F27-46B9-A442-51A77F26B178}.Ad-Hoc|ARM.Build.0 = Debug|Any CPU
		{C5532982-0F27-46B9-A442-51A77F26B178}.Ad-Hoc|iPhone.ActiveCfg = Debug|Any CPU
		{C5532982-0F27-46B9-A442-51A77F26B178}.Ad-Hoc|iPhone.Build.0 = Debug|Any CPU
		{C5532982-0F27-46B9-A442-51A77F26B178}.Ad-Hoc|iPhoneSimulator.ActiveCfg = Debug|Any CPU
		{C5532982-0F27-46B9-A442-51A77F26B178}.Ad-Hoc|iPhoneSimulator.Build.0 = Debug|Any CPU
		{C5532982-0F27-46B9-A442-51A77F26B178}.Ad-Hoc|x64.ActiveCfg = Debug|Any CPU
		{C5532982-0F27-46B9-A442-51A77F26B178}.Ad-Hoc|x64.Build.0 = Debug|Any CPU
		{C5532982-0F27-46B9-A442-51A77F26B178}.Ad-Hoc|x86.ActiveCfg = Debug|Any CPU
		{C5532982-0F27-46B9-A442-51A77F26B178}.Ad-Hoc|x86.Build.0 = Debug|Any CPU
		{C5532982-0F27-46B9-A442-51A77F26B178}.AppStore|Any CPU.ActiveCfg = Debug|Any CPU
		{C5532982-0F27-46B9-A442-51A77F26B178}.AppStore|Any CPU.Build.0 = Debug|Any CPU
		{C5532982-0F27-46B9-A442-51A77F26B178}.AppStore|ARM.ActiveCfg = Debug|Any CPU
		{C5532982-0F27-46B9-A442-51A77F26B178}.AppStore|ARM.Build.0 = Debug|Any CPU
		{C5532982-0F27-46B9-A442-51A77F26B178}.AppStore|iPhone.ActiveCfg = Debug|Any CPU
		{C5532982-0F27-46B9-A442-51A77F26B178}.AppStore|iPhone.Build.0 = Debug|Any CPU
		{C5532982-0F27-46B9-A442-51A77F26B178}.AppStore|iPhoneSimulator.ActiveCfg = Debug|Any CPU
		{C5532982-0F27-46B9-A442-51A77F26B178}.AppStore|iPhoneSimulator.Build.0 = Debug|Any CPU
		{C5532982-0F27-46B9-A442-51A77F26B178}.AppStore|x64.ActiveCfg = Debug|Any CPU
		{C5532982-0F27-46B9-A442-51A77F26B178}.AppStore|x64.Build.0 = Debug|Any CPU
		{C5532982-0F27-46B9-A442-51A77F26B178}.AppStore|x86.ActiveCfg = Debug|Any CPU
		{C5532982-0F27-46B9-A442-51A77F26B178}.AppStore|x86.Build.0 = Debug|Any CPU
		{C5532982-0F27-46B9-A442-51A77F26B178}.Debug|Any CPU.ActiveCfg = Debug|Any CPU
		{C5532982-0F27-46B9-A442-51A77F26B178}.Debug|Any CPU.Build.0 = Debug|Any CPU
		{C5532982-0F27-46B9-A442-51A77F26B178}.Debug|ARM.ActiveCfg = Debug|Any CPU
		{C5532982-0F27-46B9-A442-51A77F26B178}.Debug|ARM.Build.0 = Debug|Any CPU
		{C5532982-0F27-46B9-A442-51A77F26B178}.Debug|iPhone.ActiveCfg = Debug|Any CPU
		{C5532982-0F27-46B9-A442-51A77F26B178}.Debug|iPhone.Build.0 = Debug|Any CPU
		{C5532982-0F27-46B9-A442-51A77F26B178}.Debug|iPhoneSimulator.ActiveCfg = Debug|Any CPU
		{C5532982-0F27-46B9-A442-51A77F26B178}.Debug|iPhoneSimulator.Build.0 = Debug|Any CPU
		{C5532982-0F27-46B9-A442-51A77F26B178}.Debug|x64.ActiveCfg = Debug|Any CPU
		{C5532982-0F27-46B9-A442-51A77F26B178}.Debug|x64.Build.0 = Debug|Any CPU
		{C5532982-0F27-46B9-A442-51A77F26B178}.Debug|x86.ActiveCfg = Debug|Any CPU
		{C5532982-0F27-46B9-A442-51A77F26B178}.Debug|x86.Build.0 = Debug|Any CPU
		{C5532982-0F27-46B9-A442-51A77F26B178}.Release|Any CPU.ActiveCfg = Release|Any CPU
		{C5532982-0F27-46B9-A442-51A77F26B178}.Release|Any CPU.Build.0 = Release|Any CPU
		{C5532982-0F27-46B9-A442-51A77F26B178}.Release|ARM.ActiveCfg = Release|Any CPU
		{C5532982-0F27-46B9-A442-51A77F26B178}.Release|ARM.Build.0 = Release|Any CPU
		{C5532982-0F27-46B9-A442-51A77F26B178}.Release|iPhone.ActiveCfg = Release|Any CPU
		{C5532982-0F27-46B9-A442-51A77F26B178}.Release|iPhone.Build.0 = Release|Any CPU
		{C5532982-0F27-46B9-A442-51A77F26B178}.Release|iPhoneSimulator.ActiveCfg = Release|Any CPU
		{C5532982-0F27-46B9-A442-51A77F26B178}.Release|iPhoneSimulator.Build.0 = Release|Any CPU
		{C5532982-0F27-46B9-A442-51A77F26B178}.Release|x64.ActiveCfg = Release|Any CPU
		{C5532982-0F27-46B9-A442-51A77F26B178}.Release|x64.Build.0 = Release|Any CPU
		{C5532982-0F27-46B9-A442-51A77F26B178}.Release|x86.ActiveCfg = Release|Any CPU
		{C5532982-0F27-46B9-A442-51A77F26B178}.Release|x86.Build.0 = Release|Any CPU
		{F4414AE4-94E1-44AD-ACAA-C058A383C60A}.Ad-Hoc|Any CPU.ActiveCfg = Debug|Any CPU
		{F4414AE4-94E1-44AD-ACAA-C058A383C60A}.Ad-Hoc|Any CPU.Build.0 = Debug|Any CPU
		{F4414AE4-94E1-44AD-ACAA-C058A383C60A}.Ad-Hoc|ARM.ActiveCfg = Debug|Any CPU
		{F4414AE4-94E1-44AD-ACAA-C058A383C60A}.Ad-Hoc|ARM.Build.0 = Debug|Any CPU
		{F4414AE4-94E1-44AD-ACAA-C058A383C60A}.Ad-Hoc|iPhone.ActiveCfg = Debug|Any CPU
		{F4414AE4-94E1-44AD-ACAA-C058A383C60A}.Ad-Hoc|iPhone.Build.0 = Debug|Any CPU
		{F4414AE4-94E1-44AD-ACAA-C058A383C60A}.Ad-Hoc|iPhoneSimulator.ActiveCfg = Debug|Any CPU
		{F4414AE4-94E1-44AD-ACAA-C058A383C60A}.Ad-Hoc|iPhoneSimulator.Build.0 = Debug|Any CPU
		{F4414AE4-94E1-44AD-ACAA-C058A383C60A}.Ad-Hoc|x64.ActiveCfg = Debug|Any CPU
		{F4414AE4-94E1-44AD-ACAA-C058A383C60A}.Ad-Hoc|x64.Build.0 = Debug|Any CPU
		{F4414AE4-94E1-44AD-ACAA-C058A383C60A}.Ad-Hoc|x86.ActiveCfg = Debug|Any CPU
		{F4414AE4-94E1-44AD-ACAA-C058A383C60A}.Ad-Hoc|x86.Build.0 = Debug|Any CPU
		{F4414AE4-94E1-44AD-ACAA-C058A383C60A}.AppStore|Any CPU.ActiveCfg = Debug|Any CPU
		{F4414AE4-94E1-44AD-ACAA-C058A383C60A}.AppStore|Any CPU.Build.0 = Debug|Any CPU
		{F4414AE4-94E1-44AD-ACAA-C058A383C60A}.AppStore|ARM.ActiveCfg = Debug|Any CPU
		{F4414AE4-94E1-44AD-ACAA-C058A383C60A}.AppStore|ARM.Build.0 = Debug|Any CPU
		{F4414AE4-94E1-44AD-ACAA-C058A383C60A}.AppStore|iPhone.ActiveCfg = Debug|Any CPU
		{F4414AE4-94E1-44AD-ACAA-C058A383C60A}.AppStore|iPhone.Build.0 = Debug|Any CPU
		{F4414AE4-94E1-44AD-ACAA-C058A383C60A}.AppStore|iPhoneSimulator.ActiveCfg = Debug|Any CPU
		{F4414AE4-94E1-44AD-ACAA-C058A383C60A}.AppStore|iPhoneSimulator.Build.0 = Debug|Any CPU
		{F4414AE4-94E1-44AD-ACAA-C058A383C60A}.AppStore|x64.ActiveCfg = Debug|Any CPU
		{F4414AE4-94E1-44AD-ACAA-C058A383C60A}.AppStore|x64.Build.0 = Debug|Any CPU
		{F4414AE4-94E1-44AD-ACAA-C058A383C60A}.AppStore|x86.ActiveCfg = Debug|Any CPU
		{F4414AE4-94E1-44AD-ACAA-C058A383C60A}.AppStore|x86.Build.0 = Debug|Any CPU
		{F4414AE4-94E1-44AD-ACAA-C058A383C60A}.Debug|Any CPU.ActiveCfg = Debug|Any CPU
		{F4414AE4-94E1-44AD-ACAA-C058A383C60A}.Debug|Any CPU.Build.0 = Debug|Any CPU
		{F4414AE4-94E1-44AD-ACAA-C058A383C60A}.Debug|ARM.ActiveCfg = Debug|Any CPU
		{F4414AE4-94E1-44AD-ACAA-C058A383C60A}.Debug|ARM.Build.0 = Debug|Any CPU
		{F4414AE4-94E1-44AD-ACAA-C058A383C60A}.Debug|iPhone.ActiveCfg = Debug|Any CPU
		{F4414AE4-94E1-44AD-ACAA-C058A383C60A}.Debug|iPhone.Build.0 = Debug|Any CPU
		{F4414AE4-94E1-44AD-ACAA-C058A383C60A}.Debug|iPhoneSimulator.ActiveCfg = Debug|Any CPU
		{F4414AE4-94E1-44AD-ACAA-C058A383C60A}.Debug|iPhoneSimulator.Build.0 = Debug|Any CPU
		{F4414AE4-94E1-44AD-ACAA-C058A383C60A}.Debug|x64.ActiveCfg = Debug|Any CPU
		{F4414AE4-94E1-44AD-ACAA-C058A383C60A}.Debug|x64.Build.0 = Debug|Any CPU
		{F4414AE4-94E1-44AD-ACAA-C058A383C60A}.Debug|x86.ActiveCfg = Debug|Any CPU
		{F4414AE4-94E1-44AD-ACAA-C058A383C60A}.Debug|x86.Build.0 = Debug|Any CPU
		{F4414AE4-94E1-44AD-ACAA-C058A383C60A}.Release|Any CPU.ActiveCfg = Release|Any CPU
		{F4414AE4-94E1-44AD-ACAA-C058A383C60A}.Release|Any CPU.Build.0 = Release|Any CPU
		{F4414AE4-94E1-44AD-ACAA-C058A383C60A}.Release|ARM.ActiveCfg = Release|Any CPU
		{F4414AE4-94E1-44AD-ACAA-C058A383C60A}.Release|ARM.Build.0 = Release|Any CPU
		{F4414AE4-94E1-44AD-ACAA-C058A383C60A}.Release|iPhone.ActiveCfg = Release|Any CPU
		{F4414AE4-94E1-44AD-ACAA-C058A383C60A}.Release|iPhone.Build.0 = Release|Any CPU
		{F4414AE4-94E1-44AD-ACAA-C058A383C60A}.Release|iPhoneSimulator.ActiveCfg = Release|Any CPU
		{F4414AE4-94E1-44AD-ACAA-C058A383C60A}.Release|iPhoneSimulator.Build.0 = Release|Any CPU
		{F4414AE4-94E1-44AD-ACAA-C058A383C60A}.Release|x64.ActiveCfg = Release|Any CPU
		{F4414AE4-94E1-44AD-ACAA-C058A383C60A}.Release|x64.Build.0 = Release|Any CPU
		{F4414AE4-94E1-44AD-ACAA-C058A383C60A}.Release|x86.ActiveCfg = Release|Any CPU
		{F4414AE4-94E1-44AD-ACAA-C058A383C60A}.Release|x86.Build.0 = Release|Any CPU
	EndGlobalSection
	GlobalSection(SolutionProperties) = preSolution
		HideSolutionNode = FALSE
	EndGlobalSection
	GlobalSection(ExtensibilityGlobals) = postSolution
		SolutionGuid = {23664EB4-BFB4-495E-898E-21D1CAF97967}
	EndGlobalSection
EndGlobal
